
Microsoft Visual Studio Solution File, Format Version 12.00
# Visual Studio 15
VisualStudioVersion = 15.0.28010.2048
MinimumVisualStudioVersion = 10.0.40219.1
Project("{FAE04EC0-301F-11D3-BF4B-00C04F79EFBC}") = "Bot Builder Echo Bot V4", "BotDemo\Bot Builder Echo Bot V4\Bot Builder Echo Bot V4.csproj", "{35441E3A-9EBD-4443-BBAA-EAA7FD7AA538}"
EndProject
Project("{FAE04EC0-301F-11D3-BF4B-00C04F79EFBC}") = "Bot Builder Basic Bot V4", "BotDemo\Bot Builder Basic Bot V4\Bot Builder Basic Bot V4.csproj", "{821841B2-5D33-45DB-96C3-FF29C231C776}"
EndProject
Global
	GlobalSection(SolutionConfigurationPlatforms) = preSolution
		Debug|Any CPU = Debug|Any CPU
		Release|Any CPU = Release|Any CPU
	EndGlobalSection
	GlobalSection(ProjectConfigurationPlatforms) = postSolution
		{35441E3A-9EBD-4443-BBAA-EAA7FD7AA538}.Debug|Any CPU.ActiveCfg = Debug|Any CPU
		{35441E3A-9EBD-4443-BBAA-EAA7FD7AA538}.Debug|Any CPU.Build.0 = Debug|Any CPU
		{35441E3A-9EBD-4443-BBAA-EAA7FD7AA538}.Release|Any CPU.ActiveCfg = Release|Any CPU
		{35441E3A-9EBD-4443-BBAA-EAA7FD7AA538}.Release|Any CPU.Build.0 = Release|Any CPU
		{821841B2-5D33-45DB-96C3-FF29C231C776}.Debug|Any CPU.ActiveCfg = Debug|Any CPU
		{821841B2-5D33-45DB-96C3-FF29C231C776}.Debug|Any CPU.Build.0 = Debug|Any CPU
		{821841B2-5D33-45DB-96C3-FF29C231C776}.Release|Any CPU.ActiveCfg = Release|Any CPU
		{821841B2-5D33-45DB-96C3-FF29C231C776}.Release|Any CPU.Build.0 = Release|Any CPU
	EndGlobalSection
	GlobalSection(SolutionProperties) = preSolution
		HideSolutionNode = FALSE
	EndGlobalSection
	GlobalSection(ExtensibilityGlobals) = postSolution
		SolutionGuid = {5853F04F-E722-49F7-9FDA-2E1F5F81C688}
	EndGlobalSection
EndGlobal
